// !$*UTF8*$!
{
	archiveVersion = 1;
	classes = {
	};
	objectVersion = 46;
	objects = {

/* Begin PBXBuildFile section */
		5E4810C0D8B2B2B5860BE65D /* Pods_Utils.framework in Frameworks */ = {isa = PBXBuildFile; fileRef = 46EB728312F3006D928F1516 /* Pods_Utils.framework */; };
		AE27AA309CA01FC67378FA71 /* Pods_UtilsTests.framework in Frameworks */ = {isa = PBXBuildFile; fileRef = A51455964F4A681CCCF83677 /* Pods_UtilsTests.framework */; };
		CD3CA64C24F1458C004764B7 /* UIButton+AttStrAlignment.m in Sources */ = {isa = PBXBuildFile; fileRef = CD3CA64B24F1458C004764B7 /* UIButton+AttStrAlignment.m */; };
		CDA64E3E1ED9784800BE2EEA /* main.m in Sources */ = {isa = PBXBuildFile; fileRef = CDA64E3D1ED9784800BE2EEA /* main.m */; };
		CDA64E411ED9784800BE2EEA /* AppDelegate.m in Sources */ = {isa = PBXBuildFile; fileRef = CDA64E401ED9784800BE2EEA /* AppDelegate.m */; };
		CDA64E441ED9784800BE2EEA /* ViewController.m in Sources */ = {isa = PBXBuildFile; fileRef = CDA64E431ED9784800BE2EEA /* ViewController.m */; };
		CDA64E471ED9784800BE2EEA /* Main.storyboard in Resources */ = {isa = PBXBuildFile; fileRef = CDA64E451ED9784800BE2EEA /* Main.storyboard */; };
		CDA64E491ED9784800BE2EEA /* Assets.xcassets in Resources */ = {isa = PBXBuildFile; fileRef = CDA64E481ED9784800BE2EEA /* Assets.xcassets */; };
		CDA64E4C1ED9784800BE2EEA /* LaunchScreen.storyboard in Resources */ = {isa = PBXBuildFile; fileRef = CDA64E4A1ED9784800BE2EEA /* LaunchScreen.storyboard */; };
		CDA64E571ED9784800BE2EEA /* UtilsTests.m in Sources */ = {isa = PBXBuildFile; fileRef = CDA64E561ED9784800BE2EEA /* UtilsTests.m */; };
		CDA64E621ED9784800BE2EEA /* UtilsUITests.m in Sources */ = {isa = PBXBuildFile; fileRef = CDA64E611ED9784800BE2EEA /* UtilsUITests.m */; };
		CDAB0C6E24EEECDF00C2EA3D /* UIButton+Alignment.m in Sources */ = {isa = PBXBuildFile; fileRef = CDAB0C6C24EEECDF00C2EA3D /* UIButton+Alignment.m */; };
		CDAB0C7124EEEE5600C2EA3D /* UIButton+TouchInsets.m in Sources */ = {isa = PBXBuildFile; fileRef = CDAB0C7024EEEE5600C2EA3D /* UIButton+TouchInsets.m */; };
		CDAB0C7724EEF0CF00C2EA3D /* UtilsPrivate.m in Sources */ = {isa = PBXBuildFile; fileRef = CDAB0C7624EEF0CF00C2EA3D /* UtilsPrivate.m */; };
		CDAEFA2624F7923D00362E84 /* YYImage+LoopCount.m in Sources */ = {isa = PBXBuildFile; fileRef = CDAEFA2524F7923D00362E84 /* YYImage+LoopCount.m */; };
		CDAEFA2F24F79D1800362E84 /* Reload.gif in Resources */ = {isa = PBXBuildFile; fileRef = CDAEFA2E24F79D1800362E84 /* Reload.gif */; };
		CDAEFA3324F7A75000362E84 /* NSString+Utils.m in Sources */ = {isa = PBXBuildFile; fileRef = CDAEFA3224F7A75000362E84 /* NSString+Utils.m */; };
		CDAEFA3724F7C45800362E84 /* MOLrcBlendLabel.m in Sources */ = {isa = PBXBuildFile; fileRef = CDAEFA3524F7C45800362E84 /* MOLrcBlendLabel.m */; };
		CDAEFA4424F7C60F00362E84 /* CALayer+AnimationPause.m in Sources */ = {isa = PBXBuildFile; fileRef = CDAEFA4224F7C60F00362E84 /* CALayer+AnimationPause.m */; };
		CDAEFA4724F7C64200362E84 /* ClassFactory.m in Sources */ = {isa = PBXBuildFile; fileRef = CDAEFA4524F7C64200362E84 /* ClassFactory.m */; };
		CDAEFA5724F7FA6800362E84 /* MORollingView.m in Sources */ = {isa = PBXBuildFile; fileRef = CDAEFA5624F7FA6800362E84 /* MORollingView.m */; };
		CDAEFA5E24F8191300362E84 /* UIColor+Utils.m in Sources */ = {isa = PBXBuildFile; fileRef = CDAEFA5D24F8191300362E84 /* UIColor+Utils.m */; };
		CDAEFA6124F82FC900362E84 /* UIImage+Utils.m in Sources */ = {isa = PBXBuildFile; fileRef = CDAEFA6024F82FC900362E84 /* UIImage+Utils.m */; };
		CDAEFA6524F9362C00362E84 /* UIViewController+CurrentVC.m in Sources */ = {isa = PBXBuildFile; fileRef = CDAEFA6424F9362C00362E84 /* UIViewController+CurrentVC.m */; };
		CDAEFA6B24F957FC00362E84 /* UIButton+FadeOut.m in Sources */ = {isa = PBXBuildFile; fileRef = CDAEFA6A24F957FC00362E84 /* UIButton+FadeOut.m */; };
		CDAEFA7324F96CAC00362E84 /* NetworkUtils.m in Sources */ = {isa = PBXBuildFile; fileRef = CDAEFA7224F96CAC00362E84 /* NetworkUtils.m */; };
		CDAEFA7724FA30D200362E84 /* NSDate+Utilities.m in Sources */ = {isa = PBXBuildFile; fileRef = CDAEFA7624FA30D200362E84 /* NSDate+Utilities.m */; };
		CDAEFA7A24FA324900362E84 /* NSDate+Convert.m in Sources */ = {isa = PBXBuildFile; fileRef = CDAEFA7924FA324900362E84 /* NSDate+Convert.m */; };
		CDAEFA8224FA3BA300362E84 /* MOImageDetectUtils.m in Sources */ = {isa = PBXBuildFile; fileRef = CDAEFA7C24FA3BA200362E84 /* MOImageDetectUtils.m */; };
		CDAEFA8324FA3BA300362E84 /* MOQRCodeController.m in Sources */ = {isa = PBXBuildFile; fileRef = CDAEFA7D24FA3BA200362E84 /* MOQRCodeController.m */; };
		CDAEFA8424FA3BA300362E84 /* MOAudioServiceTools.m in Sources */ = {isa = PBXBuildFile; fileRef = CDAEFA8124FA3BA200362E84 /* MOAudioServiceTools.m */; };
		CDAEFA8724FA432B00362E84 /* FileUtils.m in Sources */ = {isa = PBXBuildFile; fileRef = CDAEFA8624FA432B00362E84 /* FileUtils.m */; };
		CDAEFA8A24FA506800362E84 /* TimeUtils.m in Sources */ = {isa = PBXBuildFile; fileRef = CDAEFA8824FA506800362E84 /* TimeUtils.m */; };
		CDAEFA9024FA6CD500362E84 /* ThemeManager.m in Sources */ = {isa = PBXBuildFile; fileRef = CDAEFA8F24FA6CD500362E84 /* ThemeManager.m */; };
		CDAEFA9624FA9BA800362E84 /* MKCustomDeleteStyleTableView.m in Sources */ = {isa = PBXBuildFile; fileRef = CDAEFA9424FA9BA800362E84 /* MKCustomDeleteStyleTableView.m */; };
		CDAEFA9924FA9BFD00362E84 /* MKRefreshTableView.m in Sources */ = {isa = PBXBuildFile; fileRef = CDAEFA9724FA9BFD00362E84 /* MKRefreshTableView.m */; };
		CDAEFA9C24FC021100362E84 /* NSArray+ArrayUtils.m in Sources */ = {isa = PBXBuildFile; fileRef = CDAEFA9B24FC021100362E84 /* NSArray+ArrayUtils.m */; };
		CDAEFA9F24FC036D00362E84 /* NSAttributedString+Utils.m in Sources */ = {isa = PBXBuildFile; fileRef = CDAEFA9D24FC036D00362E84 /* NSAttributedString+Utils.m */; };
		CDAEFAA224FC050A00362E84 /* HanziUtils.m in Sources */ = {isa = PBXBuildFile; fileRef = CDAEFAA124FC050A00362E84 /* HanziUtils.m */; };
		CDAEFAA524FC05B900362E84 /* UICollectionViewLeftAlignedLayout.m in Sources */ = {isa = PBXBuildFile; fileRef = CDAEFAA324FC05B900362E84 /* UICollectionViewLeftAlignedLayout.m */; };
		CDAEFAA824FC0A4300362E84 /* UIImage+AsyncClipCorner.m in Sources */ = {isa = PBXBuildFile; fileRef = CDAEFAA624FC0A4300362E84 /* UIImage+AsyncClipCorner.m */; };
		CDAEFAAF24FC0D7E00362E84 /* UIImageView+FitSize.m in Sources */ = {isa = PBXBuildFile; fileRef = CDAEFAAD24FC0D7E00362E84 /* UIImageView+FitSize.m */; };
		CDAEFAB524FC1A2400362E84 /* UIViewController+Cover.m in Sources */ = {isa = PBXBuildFile; fileRef = CDAEFAB424FC1A2400362E84 /* UIViewController+Cover.m */; };
		CDAEFAB824FC215300362E84 /* NSObject+RuntimeUtils.m in Sources */ = {isa = PBXBuildFile; fileRef = CDAEFAB724FC215300362E84 /* NSObject+RuntimeUtils.m */; };
		CDAEFABB24FC242800362E84 /* YYPhotoGroupView.m in Sources */ = {isa = PBXBuildFile; fileRef = CDAEFABA24FC242800362E84 /* YYPhotoGroupView.m */; };
		CDAEFABE24FC2C9300362E84 /* NSObject+XFCategory.m in Sources */ = {isa = PBXBuildFile; fileRef = CDAEFABC24FC2C9300362E84 /* NSObject+XFCategory.m */; };
		CDAEFAD124FC2E1100362E84 /* UIView+XFCategory.m in Sources */ = {isa = PBXBuildFile; fileRef = CDAEFAD024FC2E1100362E84 /* UIView+XFCategory.m */; };
		CDAEFAD724FC2F7900362E84 /* XFUserRightsHelper.m in Sources */ = {isa = PBXBuildFile; fileRef = CDAEFAD524FC2F7900362E84 /* XFUserRightsHelper.m */; };
		CDAEFADF24FCD90A00362E84 /* QRCodeUtils.m in Sources */ = {isa = PBXBuildFile; fileRef = CDAEFADE24FCD90A00362E84 /* QRCodeUtils.m */; };
		CDAEFAE224FCE78100362E84 /* MOCodeScannerManager.m in Sources */ = {isa = PBXBuildFile; fileRef = CDAEFAE124FCE78100362E84 /* MOCodeScannerManager.m */; };
		CDAEFAE524FD2C9600362E84 /* AppIconProduction.m in Sources */ = {isa = PBXBuildFile; fileRef = CDAEFAE424FD2C9600362E84 /* AppIconProduction.m */; };
		CDAEFAE924FD307300362E84 /* UIFont+FontName.m in Sources */ = {isa = PBXBuildFile; fileRef = CDAEFAE824FD307300362E84 /* UIFont+FontName.m */; };
		CDAEFAEC24FD322D00362E84 /* NSString+Encrypt.m in Sources */ = {isa = PBXBuildFile; fileRef = CDAEFAEB24FD322D00362E84 /* NSString+Encrypt.m */; };
		CDAEFAEF24FD697A00362E84 /* UIImage+Color.m in Sources */ = {isa = PBXBuildFile; fileRef = CDAEFAEE24FD697A00362E84 /* UIImage+Color.m */; };
		CDAEFAF224FD6BE900362E84 /* UIImage+Capture.m in Sources */ = {isa = PBXBuildFile; fileRef = CDAEFAF124FD6BE900362E84 /* UIImage+Capture.m */; };
		CDAEFAF524FD70B400362E84 /* UIImage+Blur.m in Sources */ = {isa = PBXBuildFile; fileRef = CDAEFAF424FD70B400362E84 /* UIImage+Blur.m */; };
		EBACE6848DBB9ADC734F76C4 /* Pods_Utils_UtilsUITests.framework in Frameworks */ = {isa = PBXBuildFile; fileRef = 0D15662AC6D3753E670ACD66 /* Pods_Utils_UtilsUITests.framework */; };
/* End PBXBuildFile section */

/* Begin PBXContainerItemProxy section */
		CDA64E531ED9784800BE2EEA /* PBXContainerItemProxy */ = {
			isa = PBXContainerItemProxy;
			containerPortal = CDA64E311ED9784800BE2EEA /* Project object */;
			proxyType = 1;
			remoteGlobalIDString = CDA64E381ED9784800BE2EEA;
			remoteInfo = Utils;
		};
		CDA64E5E1ED9784800BE2EEA /* PBXContainerItemProxy */ = {
			isa = PBXContainerItemProxy;
			containerPortal = CDA64E311ED9784800BE2EEA /* Project object */;
			proxyType = 1;
			remoteGlobalIDString = CDA64E381ED9784800BE2EEA;
			remoteInfo = Utils;
		};
/* End PBXContainerItemProxy section */

/* Begin PBXFileReference section */
		0D15662AC6D3753E670ACD66 /* Pods_Utils_UtilsUITests.framework */ = {isa = PBXFileReference; explicitFileType = wrapper.framework; includeInIndex = 0; path = Pods_Utils_UtilsUITests.framework; sourceTree = BUILT_PRODUCTS_DIR; };
		37E8682235019A73E1900B6C /* Pods-Utils.release.xcconfig */ = {isa = PBXFileReference; includeInIndex = 1; lastKnownFileType = text.xcconfig; name = "Pods-Utils.release.xcconfig"; path = "Target Support Files/Pods-Utils/Pods-Utils.release.xcconfig"; sourceTree = "<group>"; };
		44DC9065AA931E876006F5EB /* Pods-UtilsTests.release.xcconfig */ = {isa = PBXFileReference; includeInIndex = 1; lastKnownFileType = text.xcconfig; name = "Pods-UtilsTests.release.xcconfig"; path = "Target Support Files/Pods-UtilsTests/Pods-UtilsTests.release.xcconfig"; sourceTree = "<group>"; };
		46EB728312F3006D928F1516 /* Pods_Utils.framework */ = {isa = PBXFileReference; explicitFileType = wrapper.framework; includeInIndex = 0; path = Pods_Utils.framework; sourceTree = BUILT_PRODUCTS_DIR; };
		4D6D89B3C43BCA8C7A36FED6 /* Pods-UtilsTests.debug.xcconfig */ = {isa = PBXFileReference; includeInIndex = 1; lastKnownFileType = text.xcconfig; name = "Pods-UtilsTests.debug.xcconfig"; path = "Target Support Files/Pods-UtilsTests/Pods-UtilsTests.debug.xcconfig"; sourceTree = "<group>"; };
		51CB722788B4117391C6527B /* Pods-Utils.debug.xcconfig */ = {isa = PBXFileReference; includeInIndex = 1; lastKnownFileType = text.xcconfig; name = "Pods-Utils.debug.xcconfig"; path = "Target Support Files/Pods-Utils/Pods-Utils.debug.xcconfig"; sourceTree = "<group>"; };
		A51455964F4A681CCCF83677 /* Pods_UtilsTests.framework */ = {isa = PBXFileReference; explicitFileType = wrapper.framework; includeInIndex = 0; path = Pods_UtilsTests.framework; sourceTree = BUILT_PRODUCTS_DIR; };
		CD3CA64A24F1458C004764B7 /* UIButton+AttStrAlignment.h */ = {isa = PBXFileReference; lastKnownFileType = sourcecode.c.h; path = "UIButton+AttStrAlignment.h"; sourceTree = "<group>"; };
		CD3CA64B24F1458C004764B7 /* UIButton+AttStrAlignment.m */ = {isa = PBXFileReference; lastKnownFileType = sourcecode.c.objc; path = "UIButton+AttStrAlignment.m"; sourceTree = "<group>"; };
		CDA64E391ED9784800BE2EEA /* Utils.app */ = {isa = PBXFileReference; explicitFileType = wrapper.application; includeInIndex = 0; path = Utils.app; sourceTree = BUILT_PRODUCTS_DIR; };
		CDA64E3D1ED9784800BE2EEA /* main.m */ = {isa = PBXFileReference; lastKnownFileType = sourcecode.c.objc; path = main.m; sourceTree = "<group>"; };
		CDA64E3F1ED9784800BE2EEA /* AppDelegate.h */ = {isa = PBXFileReference; lastKnownFileType = sourcecode.c.h; path = AppDelegate.h; sourceTree = "<group>"; };
		CDA64E401ED9784800BE2EEA /* AppDelegate.m */ = {isa = PBXFileReference; lastKnownFileType = sourcecode.c.objc; path = AppDelegate.m; sourceTree = "<group>"; };
		CDA64E421ED9784800BE2EEA /* ViewController.h */ = {isa = PBXFileReference; lastKnownFileType = sourcecode.c.h; path = ViewController.h; sourceTree = "<group>"; };
		CDA64E431ED9784800BE2EEA /* ViewController.m */ = {isa = PBXFileReference; lastKnownFileType = sourcecode.c.objc; path = ViewController.m; sourceTree = "<group>"; };
		CDA64E461ED9784800BE2EEA /* Base */ = {isa = PBXFileReference; lastKnownFileType = file.storyboard; name = Base; path = Base.lproj/Main.storyboard; sourceTree = "<group>"; };
		CDA64E481ED9784800BE2EEA /* Assets.xcassets */ = {isa = PBXFileReference; lastKnownFileType = folder.assetcatalog; path = Assets.xcassets; sourceTree = "<group>"; };
		CDA64E4B1ED9784800BE2EEA /* Base */ = {isa = PBXFileReference; lastKnownFileType = file.storyboard; name = Base; path = Base.lproj/LaunchScreen.storyboard; sourceTree = "<group>"; };
		CDA64E4D1ED9784800BE2EEA /* Info.plist */ = {isa = PBXFileReference; lastKnownFileType = text.plist.xml; path = Info.plist; sourceTree = "<group>"; };
		CDA64E521ED9784800BE2EEA /* UtilsTests.xctest */ = {isa = PBXFileReference; explicitFileType = wrapper.cfbundle; includeInIndex = 0; path = UtilsTests.xctest; sourceTree = BUILT_PRODUCTS_DIR; };
		CDA64E561ED9784800BE2EEA /* UtilsTests.m */ = {isa = PBXFileReference; lastKnownFileType = sourcecode.c.objc; path = UtilsTests.m; sourceTree = "<group>"; };
		CDA64E581ED9784800BE2EEA /* Info.plist */ = {isa = PBXFileReference; lastKnownFileType = text.plist.xml; path = Info.plist; sourceTree = "<group>"; };
		CDA64E5D1ED9784800BE2EEA /* UtilsUITests.xctest */ = {isa = PBXFileReference; explicitFileType = wrapper.cfbundle; includeInIndex = 0; path = UtilsUITests.xctest; sourceTree = BUILT_PRODUCTS_DIR; };
		CDA64E611ED9784800BE2EEA /* UtilsUITests.m */ = {isa = PBXFileReference; lastKnownFileType = sourcecode.c.objc; path = UtilsUITests.m; sourceTree = "<group>"; };
		CDA64E631ED9784800BE2EEA /* Info.plist */ = {isa = PBXFileReference; lastKnownFileType = text.plist.xml; path = Info.plist; sourceTree = "<group>"; };
		CDAB0C6C24EEECDF00C2EA3D /* UIButton+Alignment.m */ = {isa = PBXFileReference; fileEncoding = 4; lastKnownFileType = sourcecode.c.objc; path = "UIButton+Alignment.m"; sourceTree = "<group>"; };
		CDAB0C6D24EEECDF00C2EA3D /* UIButton+Alignment.h */ = {isa = PBXFileReference; fileEncoding = 4; lastKnownFileType = sourcecode.c.h; path = "UIButton+Alignment.h"; sourceTree = "<group>"; };
		CDAB0C6F24EEEE5600C2EA3D /* UIButton+TouchInsets.h */ = {isa = PBXFileReference; lastKnownFileType = sourcecode.c.h; path = "UIButton+TouchInsets.h"; sourceTree = "<group>"; };
		CDAB0C7024EEEE5600C2EA3D /* UIButton+TouchInsets.m */ = {isa = PBXFileReference; lastKnownFileType = sourcecode.c.objc; path = "UIButton+TouchInsets.m"; sourceTree = "<group>"; };
		CDAB0C7524EEF0CF00C2EA3D /* UtilsPrivate.h */ = {isa = PBXFileReference; lastKnownFileType = sourcecode.c.h; path = UtilsPrivate.h; sourceTree = "<group>"; };
		CDAB0C7624EEF0CF00C2EA3D /* UtilsPrivate.m */ = {isa = PBXFileReference; lastKnownFileType = sourcecode.c.objc; path = UtilsPrivate.m; sourceTree = "<group>"; };
		CDAEFA2424F7923D00362E84 /* YYImage+LoopCount.h */ = {isa = PBXFileReference; fileEncoding = 4; lastKnownFileType = sourcecode.c.h; path = "YYImage+LoopCount.h"; sourceTree = "<group>"; };
		CDAEFA2524F7923D00362E84 /* YYImage+LoopCount.m */ = {isa = PBXFileReference; fileEncoding = 4; lastKnownFileType = sourcecode.c.objc; path = "YYImage+LoopCount.m"; sourceTree = "<group>"; };
		CDAEFA2E24F79D1800362E84 /* Reload.gif */ = {isa = PBXFileReference; lastKnownFileType = image.gif; path = Reload.gif; sourceTree = "<group>"; };
		CDAEFA3124F7A75000362E84 /* NSString+Utils.h */ = {isa = PBXFileReference; lastKnownFileType = sourcecode.c.h; path = "NSString+Utils.h"; sourceTree = "<group>"; };
		CDAEFA3224F7A75000362E84 /* NSString+Utils.m */ = {isa = PBXFileReference; lastKnownFileType = sourcecode.c.objc; path = "NSString+Utils.m"; sourceTree = "<group>"; };
		CDAEFA3524F7C45800362E84 /* MOLrcBlendLabel.m */ = {isa = PBXFileReference; fileEncoding = 4; lastKnownFileType = sourcecode.c.objc; path = MOLrcBlendLabel.m; sourceTree = "<group>"; };
		CDAEFA3624F7C45800362E84 /* MOLrcBlendLabel.h */ = {isa = PBXFileReference; fileEncoding = 4; lastKnownFileType = sourcecode.c.h; path = MOLrcBlendLabel.h; sourceTree = "<group>"; };
		CDAEFA3824F7C4D400362E84 /* ZWSingleton.h */ = {isa = PBXFileReference; fileEncoding = 4; lastKnownFileType = sourcecode.c.h; path = ZWSingleton.h; sourceTree = "<group>"; };
		CDAEFA4224F7C60F00362E84 /* CALayer+AnimationPause.m */ = {isa = PBXFileReference; fileEncoding = 4; lastKnownFileType = sourcecode.c.objc; path = "CALayer+AnimationPause.m"; sourceTree = "<group>"; };
		CDAEFA4324F7C60F00362E84 /* CALayer+AnimationPause.h */ = {isa = PBXFileReference; fileEncoding = 4; lastKnownFileType = sourcecode.c.h; path = "CALayer+AnimationPause.h"; sourceTree = "<group>"; };
		CDAEFA4524F7C64200362E84 /* ClassFactory.m */ = {isa = PBXFileReference; fileEncoding = 4; lastKnownFileType = sourcecode.c.objc; path = ClassFactory.m; sourceTree = "<group>"; };
		CDAEFA4624F7C64200362E84 /* ClassFactory.h */ = {isa = PBXFileReference; fileEncoding = 4; lastKnownFileType = sourcecode.c.h; path = ClassFactory.h; sourceTree = "<group>"; };
		CDAEFA4824F7C7A100362E84 /* PrefixHeader.pch */ = {isa = PBXFileReference; lastKnownFileType = sourcecode.c.h; path = PrefixHeader.pch; sourceTree = "<group>"; };
		CDAEFA5524F7FA6800362E84 /* MORollingView.h */ = {isa = PBXFileReference; lastKnownFileType = sourcecode.c.h; path = MORollingView.h; sourceTree = "<group>"; };
		CDAEFA5624F7FA6800362E84 /* MORollingView.m */ = {isa = PBXFileReference; lastKnownFileType = sourcecode.c.objc; path = MORollingView.m; sourceTree = "<group>"; };
		CDAEFA5C24F8191300362E84 /* UIColor+Utils.h */ = {isa = PBXFileReference; lastKnownFileType = sourcecode.c.h; path = "UIColor+Utils.h"; sourceTree = "<group>"; };
		CDAEFA5D24F8191300362E84 /* UIColor+Utils.m */ = {isa = PBXFileReference; lastKnownFileType = sourcecode.c.objc; path = "UIColor+Utils.m"; sourceTree = "<group>"; };
		CDAEFA5F24F82FC900362E84 /* UIImage+Utils.h */ = {isa = PBXFileReference; lastKnownFileType = sourcecode.c.h; path = "UIImage+Utils.h"; sourceTree = "<group>"; };
		CDAEFA6024F82FC900362E84 /* UIImage+Utils.m */ = {isa = PBXFileReference; lastKnownFileType = sourcecode.c.objc; path = "UIImage+Utils.m"; sourceTree = "<group>"; };
		CDAEFA6324F9362C00362E84 /* UIViewController+CurrentVC.h */ = {isa = PBXFileReference; lastKnownFileType = sourcecode.c.h; path = "UIViewController+CurrentVC.h"; sourceTree = "<group>"; };
		CDAEFA6424F9362C00362E84 /* UIViewController+CurrentVC.m */ = {isa = PBXFileReference; lastKnownFileType = sourcecode.c.objc; path = "UIViewController+CurrentVC.m"; sourceTree = "<group>"; };
		CDAEFA6924F957FC00362E84 /* UIButton+FadeOut.h */ = {isa = PBXFileReference; lastKnownFileType = sourcecode.c.h; path = "UIButton+FadeOut.h"; sourceTree = "<group>"; };
		CDAEFA6A24F957FC00362E84 /* UIButton+FadeOut.m */ = {isa = PBXFileReference; lastKnownFileType = sourcecode.c.objc; path = "UIButton+FadeOut.m"; sourceTree = "<group>"; };
		CDAEFA7124F96CAC00362E84 /* NetworkUtils.h */ = {isa = PBXFileReference; lastKnownFileType = sourcecode.c.h; path = NetworkUtils.h; sourceTree = "<group>"; };
		CDAEFA7224F96CAC00362E84 /* NetworkUtils.m */ = {isa = PBXFileReference; lastKnownFileType = sourcecode.c.objc; path = NetworkUtils.m; sourceTree = "<group>"; };
		CDAEFA7524FA30D200362E84 /* NSDate+Utilities.h */ = {isa = PBXFileReference; fileEncoding = 4; lastKnownFileType = sourcecode.c.h; path = "NSDate+Utilities.h"; sourceTree = "<group>"; };
		CDAEFA7624FA30D200362E84 /* NSDate+Utilities.m */ = {isa = PBXFileReference; fileEncoding = 4; lastKnownFileType = sourcecode.c.objc; path = "NSDate+Utilities.m"; sourceTree = "<group>"; };
		CDAEFA7824FA324900362E84 /* NSDate+Convert.h */ = {isa = PBXFileReference; lastKnownFileType = sourcecode.c.h; path = "NSDate+Convert.h"; sourceTree = "<group>"; };
		CDAEFA7924FA324900362E84 /* NSDate+Convert.m */ = {isa = PBXFileReference; lastKnownFileType = sourcecode.c.objc; path = "NSDate+Convert.m"; sourceTree = "<group>"; };
		CDAEFA7C24FA3BA200362E84 /* MOImageDetectUtils.m */ = {isa = PBXFileReference; fileEncoding = 4; lastKnownFileType = sourcecode.c.objc; path = MOImageDetectUtils.m; sourceTree = "<group>"; };
		CDAEFA7D24FA3BA200362E84 /* MOQRCodeController.m */ = {isa = PBXFileReference; fileEncoding = 4; lastKnownFileType = sourcecode.c.objc; path = MOQRCodeController.m; sourceTree = "<group>"; };
		CDAEFA7E24FA3BA200362E84 /* MOQRCodeController.h */ = {isa = PBXFileReference; fileEncoding = 4; lastKnownFileType = sourcecode.c.h; path = MOQRCodeController.h; sourceTree = "<group>"; };
		CDAEFA7F24FA3BA200362E84 /* MOAudioServiceTools.h */ = {isa = PBXFileReference; fileEncoding = 4; lastKnownFileType = sourcecode.c.h; path = MOAudioServiceTools.h; sourceTree = "<group>"; };
		CDAEFA8024FA3BA200362E84 /* MOImageDetectUtils.h */ = {isa = PBXFileReference; fileEncoding = 4; lastKnownFileType = sourcecode.c.h; path = MOImageDetectUtils.h; sourceTree = "<group>"; };
		CDAEFA8124FA3BA200362E84 /* MOAudioServiceTools.m */ = {isa = PBXFileReference; fileEncoding = 4; lastKnownFileType = sourcecode.c.objc; path = MOAudioServiceTools.m; sourceTree = "<group>"; };
		CDAEFA8524FA432B00362E84 /* FileUtils.h */ = {isa = PBXFileReference; lastKnownFileType = sourcecode.c.h; path = FileUtils.h; sourceTree = "<group>"; };
		CDAEFA8624FA432B00362E84 /* FileUtils.m */ = {isa = PBXFileReference; lastKnownFileType = sourcecode.c.objc; path = FileUtils.m; sourceTree = "<group>"; };
		CDAEFA8824FA506800362E84 /* TimeUtils.m */ = {isa = PBXFileReference; fileEncoding = 4; lastKnownFileType = sourcecode.c.objc; path = TimeUtils.m; sourceTree = "<group>"; };
		CDAEFA8924FA506800362E84 /* TimeUtils.h */ = {isa = PBXFileReference; fileEncoding = 4; lastKnownFileType = sourcecode.c.h; path = TimeUtils.h; sourceTree = "<group>"; };
		CDAEFA8E24FA6CD500362E84 /* ThemeManager.h */ = {isa = PBXFileReference; lastKnownFileType = sourcecode.c.h; path = ThemeManager.h; sourceTree = "<group>"; };
		CDAEFA8F24FA6CD500362E84 /* ThemeManager.m */ = {isa = PBXFileReference; lastKnownFileType = sourcecode.c.objc; path = ThemeManager.m; sourceTree = "<group>"; };
		CDAEFA9424FA9BA800362E84 /* MKCustomDeleteStyleTableView.m */ = {isa = PBXFileReference; fileEncoding = 4; lastKnownFileType = sourcecode.c.objc; path = MKCustomDeleteStyleTableView.m; sourceTree = "<group>"; };
		CDAEFA9524FA9BA800362E84 /* MKCustomDeleteStyleTableView.h */ = {isa = PBXFileReference; fileEncoding = 4; lastKnownFileType = sourcecode.c.h; path = MKCustomDeleteStyleTableView.h; sourceTree = "<group>"; };
		CDAEFA9724FA9BFD00362E84 /* MKRefreshTableView.m */ = {isa = PBXFileReference; fileEncoding = 4; lastKnownFileType = sourcecode.c.objc; path = MKRefreshTableView.m; sourceTree = "<group>"; };
		CDAEFA9824FA9BFD00362E84 /* MKRefreshTableView.h */ = {isa = PBXFileReference; fileEncoding = 4; lastKnownFileType = sourcecode.c.h; path = MKRefreshTableView.h; sourceTree = "<group>"; };
		CDAEFA9A24FC021100362E84 /* NSArray+ArrayUtils.h */ = {isa = PBXFileReference; fileEncoding = 4; lastKnownFileType = sourcecode.c.h; path = "NSArray+ArrayUtils.h"; sourceTree = "<group>"; };
		CDAEFA9B24FC021100362E84 /* NSArray+ArrayUtils.m */ = {isa = PBXFileReference; fileEncoding = 4; lastKnownFileType = sourcecode.c.objc; path = "NSArray+ArrayUtils.m"; sourceTree = "<group>"; };
		CDAEFA9D24FC036D00362E84 /* NSAttributedString+Utils.m */ = {isa = PBXFileReference; fileEncoding = 4; lastKnownFileType = sourcecode.c.objc; path = "NSAttributedString+Utils.m"; sourceTree = "<group>"; };
		CDAEFA9E24FC036D00362E84 /* NSAttributedString+Utils.h */ = {isa = PBXFileReference; fileEncoding = 4; lastKnownFileType = sourcecode.c.h; path = "NSAttributedString+Utils.h"; sourceTree = "<group>"; };
		CDAEFAA024FC050A00362E84 /* HanziUtils.h */ = {isa = PBXFileReference; lastKnownFileType = sourcecode.c.h; path = HanziUtils.h; sourceTree = "<group>"; };
		CDAEFAA124FC050A00362E84 /* HanziUtils.m */ = {isa = PBXFileReference; lastKnownFileType = sourcecode.c.objc; path = HanziUtils.m; sourceTree = "<group>"; };
		CDAEFAA324FC05B900362E84 /* UICollectionViewLeftAlignedLayout.m */ = {isa = PBXFileReference; fileEncoding = 4; lastKnownFileType = sourcecode.c.objc; path = UICollectionViewLeftAlignedLayout.m; sourceTree = "<group>"; };
		CDAEFAA424FC05B900362E84 /* UICollectionViewLeftAlignedLayout.h */ = {isa = PBXFileReference; fileEncoding = 4; lastKnownFileType = sourcecode.c.h; path = UICollectionViewLeftAlignedLayout.h; sourceTree = "<group>"; };
		CDAEFAA624FC0A4300362E84 /* UIImage+AsyncClipCorner.m */ = {isa = PBXFileReference; fileEncoding = 4; lastKnownFileType = sourcecode.c.objc; path = "UIImage+AsyncClipCorner.m"; sourceTree = "<group>"; };
		CDAEFAA724FC0A4300362E84 /* UIImage+AsyncClipCorner.h */ = {isa = PBXFileReference; fileEncoding = 4; lastKnownFileType = sourcecode.c.h; path = "UIImage+AsyncClipCorner.h"; sourceTree = "<group>"; };
		CDAEFAAD24FC0D7E00362E84 /* UIImageView+FitSize.m */ = {isa = PBXFileReference; fileEncoding = 4; lastKnownFileType = sourcecode.c.objc; path = "UIImageView+FitSize.m"; sourceTree = "<group>"; };
		CDAEFAAE24FC0D7E00362E84 /* UIImageView+FitSize.h */ = {isa = PBXFileReference; fileEncoding = 4; lastKnownFileType = sourcecode.c.h; path = "UIImageView+FitSize.h"; sourceTree = "<group>"; };
		CDAEFAB324FC1A2400362E84 /* UIViewController+Cover.h */ = {isa = PBXFileReference; lastKnownFileType = sourcecode.c.h; path = "UIViewController+Cover.h"; sourceTree = "<group>"; };
		CDAEFAB424FC1A2400362E84 /* UIViewController+Cover.m */ = {isa = PBXFileReference; lastKnownFileType = sourcecode.c.objc; path = "UIViewController+Cover.m"; sourceTree = "<group>"; };
		CDAEFAB624FC215300362E84 /* NSObject+RuntimeUtils.h */ = {isa = PBXFileReference; lastKnownFileType = sourcecode.c.h; path = "NSObject+RuntimeUtils.h"; sourceTree = "<group>"; };
		CDAEFAB724FC215300362E84 /* NSObject+RuntimeUtils.m */ = {isa = PBXFileReference; lastKnownFileType = sourcecode.c.objc; path = "NSObject+RuntimeUtils.m"; sourceTree = "<group>"; };
		CDAEFAB924FC242800362E84 /* YYPhotoGroupView.h */ = {isa = PBXFileReference; fileEncoding = 4; lastKnownFileType = sourcecode.c.h; path = YYPhotoGroupView.h; sourceTree = "<group>"; };
		CDAEFABA24FC242800362E84 /* YYPhotoGroupView.m */ = {isa = PBXFileReference; fileEncoding = 4; lastKnownFileType = sourcecode.c.objc; path = YYPhotoGroupView.m; sourceTree = "<group>"; };
		CDAEFABC24FC2C9300362E84 /* NSObject+XFCategory.m */ = {isa = PBXFileReference; fileEncoding = 4; lastKnownFileType = sourcecode.c.objc; path = "NSObject+XFCategory.m"; sourceTree = "<group>"; };
		CDAEFABD24FC2C9300362E84 /* NSObject+XFCategory.h */ = {isa = PBXFileReference; fileEncoding = 4; lastKnownFileType = sourcecode.c.h; path = "NSObject+XFCategory.h"; sourceTree = "<group>"; };
		CDAEFACF24FC2E1100362E84 /* UIView+XFCategory.h */ = {isa = PBXFileReference; fileEncoding = 4; lastKnownFileType = sourcecode.c.h; path = "UIView+XFCategory.h"; sourceTree = "<group>"; };
		CDAEFAD024FC2E1100362E84 /* UIView+XFCategory.m */ = {isa = PBXFileReference; fileEncoding = 4; lastKnownFileType = sourcecode.c.objc; path = "UIView+XFCategory.m"; sourceTree = "<group>"; };
		CDAEFAD524FC2F7900362E84 /* XFUserRightsHelper.m */ = {isa = PBXFileReference; fileEncoding = 4; lastKnownFileType = sourcecode.c.objc; path = XFUserRightsHelper.m; sourceTree = "<group>"; };
		CDAEFAD624FC2F7900362E84 /* XFUserRightsHelper.h */ = {isa = PBXFileReference; fileEncoding = 4; lastKnownFileType = sourcecode.c.h; path = XFUserRightsHelper.h; sourceTree = "<group>"; };
		CDAEFADD24FCD90A00362E84 /* QRCodeUtils.h */ = {isa = PBXFileReference; lastKnownFileType = sourcecode.c.h; path = QRCodeUtils.h; sourceTree = "<group>"; };
		CDAEFADE24FCD90A00362E84 /* QRCodeUtils.m */ = {isa = PBXFileReference; lastKnownFileType = sourcecode.c.objc; path = QRCodeUtils.m; sourceTree = "<group>"; };
		CDAEFAE024FCE78100362E84 /* MOCodeScannerManager.h */ = {isa = PBXFileReference; lastKnownFileType = sourcecode.c.h; path = MOCodeScannerManager.h; sourceTree = "<group>"; };
		CDAEFAE124FCE78100362E84 /* MOCodeScannerManager.m */ = {isa = PBXFileReference; lastKnownFileType = sourcecode.c.objc; path = MOCodeScannerManager.m; sourceTree = "<group>"; };
		CDAEFAE324FD2C9600362E84 /* AppIconProduction.h */ = {isa = PBXFileReference; lastKnownFileType = sourcecode.c.h; path = AppIconProduction.h; sourceTree = "<group>"; };
		CDAEFAE424FD2C9600362E84 /* AppIconProduction.m */ = {isa = PBXFileReference; lastKnownFileType = sourcecode.c.objc; path = AppIconProduction.m; sourceTree = "<group>"; };
		CDAEFAE724FD307300362E84 /* UIFont+FontName.h */ = {isa = PBXFileReference; lastKnownFileType = sourcecode.c.h; path = "UIFont+FontName.h"; sourceTree = "<group>"; };
		CDAEFAE824FD307300362E84 /* UIFont+FontName.m */ = {isa = PBXFileReference; lastKnownFileType = sourcecode.c.objc; path = "UIFont+FontName.m"; sourceTree = "<group>"; };
		CDAEFAEA24FD322D00362E84 /* NSString+Encrypt.h */ = {isa = PBXFileReference; lastKnownFileType = sourcecode.c.h; path = "NSString+Encrypt.h"; sourceTree = "<group>"; };
		CDAEFAEB24FD322D00362E84 /* NSString+Encrypt.m */ = {isa = PBXFileReference; lastKnownFileType = sourcecode.c.objc; path = "NSString+Encrypt.m"; sourceTree = "<group>"; };
		CDAEFAED24FD697A00362E84 /* UIImage+Color.h */ = {isa = PBXFileReference; lastKnownFileType = sourcecode.c.h; path = "UIImage+Color.h"; sourceTree = "<group>"; };
		CDAEFAEE24FD697A00362E84 /* UIImage+Color.m */ = {isa = PBXFileReference; lastKnownFileType = sourcecode.c.objc; path = "UIImage+Color.m"; sourceTree = "<group>"; };
		CDAEFAF024FD6BE900362E84 /* UIImage+Capture.h */ = {isa = PBXFileReference; lastKnownFileType = sourcecode.c.h; path = "UIImage+Capture.h"; sourceTree = "<group>"; };
		CDAEFAF124FD6BE900362E84 /* UIImage+Capture.m */ = {isa = PBXFileReference; lastKnownFileType = sourcecode.c.objc; path = "UIImage+Capture.m"; sourceTree = "<group>"; };
		CDAEFAF324FD70B400362E84 /* UIImage+Blur.h */ = {isa = PBXFileReference; lastKnownFileType = sourcecode.c.h; path = "UIImage+Blur.h"; sourceTree = "<group>"; };
		CDAEFAF424FD70B400362E84 /* UIImage+Blur.m */ = {isa = PBXFileReference; lastKnownFileType = sourcecode.c.objc; path = "UIImage+Blur.m"; sourceTree = "<group>"; };
		E6059347A634390B6425F534 /* Pods-Utils-UtilsUITests.debug.xcconfig */ = {isa = PBXFileReference; includeInIndex = 1; lastKnownFileType = text.xcconfig; name = "Pods-Utils-UtilsUITests.debug.xcconfig"; path = "Target Support Files/Pods-Utils-UtilsUITests/Pods-Utils-UtilsUITests.debug.xcconfig"; sourceTree = "<group>"; };
		FDF61CE217ECE549F3181C66 /* Pods-Utils-UtilsUITests.release.xcconfig */ = {isa = PBXFileReference; includeInIndex = 1; lastKnownFileType = text.xcconfig; name = "Pods-Utils-UtilsUITests.release.xcconfig"; path = "Target Support Files/Pods-Utils-UtilsUITests/Pods-Utils-UtilsUITests.release.xcconfig"; sourceTree = "<group>"; };
/* End PBXFileReference section */

/* Begin PBXFrameworksBuildPhase section */
		CDA64E361ED9784800BE2EEA /* Frameworks */ = {
			isa = PBXFrameworksBuildPhase;
			buildActionMask = 2147483647;
			files = (
				5E4810C0D8B2B2B5860BE65D /* Pods_Utils.framework in Frameworks */,
			);
			runOnlyForDeploymentPostprocessing = 0;
		};
		CDA64E4F1ED9784800BE2EEA /* Frameworks */ = {
			isa = PBXFrameworksBuildPhase;
			buildActionMask = 2147483647;
			files = (
				AE27AA309CA01FC67378FA71 /* Pods_UtilsTests.framework in Frameworks */,
			);
			runOnlyForDeploymentPostprocessing = 0;
		};
		CDA64E5A1ED9784800BE2EEA /* Frameworks */ = {
			isa = PBXFrameworksBuildPhase;
			buildActionMask = 2147483647;
			files = (
				EBACE6848DBB9ADC734F76C4 /* Pods_Utils_UtilsUITests.framework in Frameworks */,
			);
			runOnlyForDeploymentPostprocessing = 0;
		};
/* End PBXFrameworksBuildPhase section */

/* Begin PBXGroup section */
		6D242F48E0BE862C508D0CB9 /* Pods */ = {
			isa = PBXGroup;
			children = (
				51CB722788B4117391C6527B /* Pods-Utils.debug.xcconfig */,
				37E8682235019A73E1900B6C /* Pods-Utils.release.xcconfig */,
				E6059347A634390B6425F534 /* Pods-Utils-UtilsUITests.debug.xcconfig */,
				FDF61CE217ECE549F3181C66 /* Pods-Utils-UtilsUITests.release.xcconfig */,
				4D6D89B3C43BCA8C7A36FED6 /* Pods-UtilsTests.debug.xcconfig */,
				44DC9065AA931E876006F5EB /* Pods-UtilsTests.release.xcconfig */,
			);
			path = Pods;
			sourceTree = "<group>";
		};
		B73DA01FBBDADD01A6A2005A /* Frameworks */ = {
			isa = PBXGroup;
			children = (
				46EB728312F3006D928F1516 /* Pods_Utils.framework */,
				0D15662AC6D3753E670ACD66 /* Pods_Utils_UtilsUITests.framework */,
				A51455964F4A681CCCF83677 /* Pods_UtilsTests.framework */,
			);
			name = Frameworks;
			sourceTree = "<group>";
		};
		CDA64E301ED9784800BE2EEA = {
			isa = PBXGroup;
			children = (
				CDA64E3B1ED9784800BE2EEA /* Utils */,
				CDA64E551ED9784800BE2EEA /* UtilsTests */,
				CDA64E601ED9784800BE2EEA /* UtilsUITests */,
				CDA64E3A1ED9784800BE2EEA /* Products */,
				6D242F48E0BE862C508D0CB9 /* Pods */,
				B73DA01FBBDADD01A6A2005A /* Frameworks */,
			);
			sourceTree = "<group>";
		};
		CDA64E3A1ED9784800BE2EEA /* Products */ = {
			isa = PBXGroup;
			children = (
				CDA64E391ED9784800BE2EEA /* Utils.app */,
				CDA64E521ED9784800BE2EEA /* UtilsTests.xctest */,
				CDA64E5D1ED9784800BE2EEA /* UtilsUITests.xctest */,
			);
			name = Products;
			sourceTree = "<group>";
		};
		CDA64E3B1ED9784800BE2EEA /* Utils */ = {
			isa = PBXGroup;
			children = (
				CDA64E421ED9784800BE2EEA /* ViewController.h */,
				CDA64E431ED9784800BE2EEA /* ViewController.m */,
				CDA64E3F1ED9784800BE2EEA /* AppDelegate.h */,
				CDA64E401ED9784800BE2EEA /* AppDelegate.m */,
				CDAEFA2E24F79D1800362E84 /* Reload.gif */,
				CDAB0C5924EEE35200C2EA3D /* objc-utils */,
				CDA64E3C1ED9784800BE2EEA /* Supporting Files */,
			);
			path = Utils;
			sourceTree = "<group>";
		};
		CDA64E3C1ED9784800BE2EEA /* Supporting Files */ = {
			isa = PBXGroup;
			children = (
				CDA64E451ED9784800BE2EEA /* Main.storyboard */,
				CDA64E481ED9784800BE2EEA /* Assets.xcassets */,
				CDA64E4A1ED9784800BE2EEA /* LaunchScreen.storyboard */,
				CDA64E4D1ED9784800BE2EEA /* Info.plist */,
				CDA64E3D1ED9784800BE2EEA /* main.m */,
			);
			name = "Supporting Files";
			sourceTree = "<group>";
		};
		CDA64E551ED9784800BE2EEA /* UtilsTests */ = {
			isa = PBXGroup;
			children = (
				CDA64E561ED9784800BE2EEA /* UtilsTests.m */,
				CDA64E581ED9784800BE2EEA /* Info.plist */,
			);
			path = UtilsTests;
			sourceTree = "<group>";
		};
		CDA64E601ED9784800BE2EEA /* UtilsUITests */ = {
			isa = PBXGroup;
			children = (
				CDA64E611ED9784800BE2EEA /* UtilsUITests.m */,
				CDA64E631ED9784800BE2EEA /* Info.plist */,
			);
			path = UtilsUITests;
			sourceTree = "<group>";
		};
		CDAB0C5924EEE35200C2EA3D /* objc-utils */ = {
			isa = PBXGroup;
			children = (
				CDAEFA7B24FA3B4D00362E84 /* Tool */,
				CDAB0C5A24EEE35200C2EA3D /* UIKit */,
				CDAB0C5B24EEE35200C2EA3D /* Common */,
				CDAEFA3024F7A73F00362E84 /* Foundation */,
			);
			path = "objc-utils";
			sourceTree = "<group>";
		};
		CDAB0C5A24EEE35200C2EA3D /* UIKit */ = {
			isa = PBXGroup;
			children = (
				CDAEFA6224F9361200362E84 /* View */,
				CDAEFA5824F818B100362E84 /* Color */,
				CDAEFA4124F7C5FD00362E84 /* Layer */,
				CDAEFA3A24F7C50800362E84 /* Image */,
				CDAEFA3424F7C45800362E84 /* Label */,
				CDAEFA2324F7912000362E84 /* gif */,
				CDAB0C5F24EEE4BF00C2EA3D /* Button */,
				CDAEFAE724FD307300362E84 /* UIFont+FontName.h */,
				CDAEFAE824FD307300362E84 /* UIFont+FontName.m */,
			);
			path = UIKit;
			sourceTree = "<group>";
		};
		CDAB0C5B24EEE35200C2EA3D /* Common */ = {
			isa = PBXGroup;
			children = (
				CDAEFA4624F7C64200362E84 /* ClassFactory.h */,
				CDAEFA4524F7C64200362E84 /* ClassFactory.m */,
				CDAEFA3824F7C4D400362E84 /* ZWSingleton.h */,
				CDAB0C7524EEF0CF00C2EA3D /* UtilsPrivate.h */,
				CDAB0C7624EEF0CF00C2EA3D /* UtilsPrivate.m */,
				CDAEFA4824F7C7A100362E84 /* PrefixHeader.pch */,
				CDAEFA8E24FA6CD500362E84 /* ThemeManager.h */,
				CDAEFA8F24FA6CD500362E84 /* ThemeManager.m */,
			);
			path = Common;
			sourceTree = "<group>";
		};
		CDAB0C5F24EEE4BF00C2EA3D /* Button */ = {
			isa = PBXGroup;
			children = (
				CDAEFA6924F957FC00362E84 /* UIButton+FadeOut.h */,
				CDAEFA6A24F957FC00362E84 /* UIButton+FadeOut.m */,
				CD3CA64A24F1458C004764B7 /* UIButton+AttStrAlignment.h */,
				CD3CA64B24F1458C004764B7 /* UIButton+AttStrAlignment.m */,
				CDAB0C6D24EEECDF00C2EA3D /* UIButton+Alignment.h */,
				CDAB0C6C24EEECDF00C2EA3D /* UIButton+Alignment.m */,
				CDAB0C6F24EEEE5600C2EA3D /* UIButton+TouchInsets.h */,
				CDAB0C7024EEEE5600C2EA3D /* UIButton+TouchInsets.m */,
				CDAEFAA724FC0A4300362E84 /* UIImage+AsyncClipCorner.h */,
				CDAEFAA624FC0A4300362E84 /* UIImage+AsyncClipCorner.m */,
			);
			path = Button;
			sourceTree = "<group>";
		};
		CDAEFA2324F7912000362E84 /* gif */ = {
			isa = PBXGroup;
			children = (
				CDAEFA2424F7923D00362E84 /* YYImage+LoopCount.h */,
				CDAEFA2524F7923D00362E84 /* YYImage+LoopCount.m */,
			);
			path = gif;
			sourceTree = "<group>";
		};
		CDAEFA3024F7A73F00362E84 /* Foundation */ = {
			isa = PBXGroup;
			children = (
				CDAEFABF24FC2CD100362E84 /* XiaoFu */,
				CDAEFAA924FC0C8700362E84 /* Runtime */,
				CDAEFA7424FA303F00362E84 /* Date */,
				CDAEFA3124F7A75000362E84 /* NSString+Utils.h */,
				CDAEFA3224F7A75000362E84 /* NSString+Utils.m */,
				CDAEFAEA24FD322D00362E84 /* NSString+Encrypt.h */,
				CDAEFAEB24FD322D00362E84 /* NSString+Encrypt.m */,
				CDAEFA9E24FC036D00362E84 /* NSAttributedString+Utils.h */,
				CDAEFA9D24FC036D00362E84 /* NSAttributedString+Utils.m */,
				CDAEFA8524FA432B00362E84 /* FileUtils.h */,
				CDAEFA8624FA432B00362E84 /* FileUtils.m */,
				CDAEFA9A24FC021100362E84 /* NSArray+ArrayUtils.h */,
				CDAEFA9B24FC021100362E84 /* NSArray+ArrayUtils.m */,
			);
			path = Foundation;
			sourceTree = "<group>";
		};
		CDAEFA3424F7C45800362E84 /* Label */ = {
			isa = PBXGroup;
			children = (
				CDAEFA3624F7C45800362E84 /* MOLrcBlendLabel.h */,
				CDAEFA3524F7C45800362E84 /* MOLrcBlendLabel.m */,
				CDAEFA5524F7FA6800362E84 /* MORollingView.h */,
				CDAEFA5624F7FA6800362E84 /* MORollingView.m */,
			);
			path = Label;
			sourceTree = "<group>";
		};
		CDAEFA3A24F7C50800362E84 /* Image */ = {
			isa = PBXGroup;
			children = (
				CDAEFAED24FD697A00362E84 /* UIImage+Color.h */,
				CDAEFAEE24FD697A00362E84 /* UIImage+Color.m */,
				CDAEFA5F24F82FC900362E84 /* UIImage+Utils.h */,
				CDAEFA6024F82FC900362E84 /* UIImage+Utils.m */,
				CDAEFAF024FD6BE900362E84 /* UIImage+Capture.h */,
				CDAEFAF124FD6BE900362E84 /* UIImage+Capture.m */,
				CDAEFAF324FD70B400362E84 /* UIImage+Blur.h */,
				CDAEFAF424FD70B400362E84 /* UIImage+Blur.m */,
				CDAEFAAE24FC0D7E00362E84 /* UIImageView+FitSize.h */,
				CDAEFAAD24FC0D7E00362E84 /* UIImageView+FitSize.m */,
				CDAEFAE324FD2C9600362E84 /* AppIconProduction.h */,
				CDAEFAE424FD2C9600362E84 /* AppIconProduction.m */,
			);
			path = Image;
			sourceTree = "<group>";
		};
		CDAEFA4124F7C5FD00362E84 /* Layer */ = {
			isa = PBXGroup;
			children = (
				CDAEFA4324F7C60F00362E84 /* CALayer+AnimationPause.h */,
				CDAEFA4224F7C60F00362E84 /* CALayer+AnimationPause.m */,
			);
			path = Layer;
			sourceTree = "<group>";
		};
		CDAEFA5824F818B100362E84 /* Color */ = {
			isa = PBXGroup;
			children = (
				CDAEFA5C24F8191300362E84 /* UIColor+Utils.h */,
				CDAEFA5D24F8191300362E84 /* UIColor+Utils.m */,
			);
			path = Color;
			sourceTree = "<group>";
		};
		CDAEFA6224F9361200362E84 /* View */ = {
			isa = PBXGroup;
			children = (
				CDAEFA6324F9362C00362E84 /* UIViewController+CurrentVC.h */,
				CDAEFA6424F9362C00362E84 /* UIViewController+CurrentVC.m */,
				CDAEFA9824FA9BFD00362E84 /* MKRefreshTableView.h */,
				CDAEFA9724FA9BFD00362E84 /* MKRefreshTableView.m */,
				CDAEFA9524FA9BA800362E84 /* MKCustomDeleteStyleTableView.h */,
				CDAEFA9424FA9BA800362E84 /* MKCustomDeleteStyleTableView.m */,
				CDAEFAA424FC05B900362E84 /* UICollectionViewLeftAlignedLayout.h */,
				CDAEFAA324FC05B900362E84 /* UICollectionViewLeftAlignedLayout.m */,
				CDAEFAB324FC1A2400362E84 /* UIViewController+Cover.h */,
				CDAEFAB424FC1A2400362E84 /* UIViewController+Cover.m */,
				CDAEFAB924FC242800362E84 /* YYPhotoGroupView.h */,
				CDAEFABA24FC242800362E84 /* YYPhotoGroupView.m */,
			);
			path = View;
			sourceTree = "<group>";
		};
		CDAEFA6D24F96C6800362E84 /* Network */ = {
			isa = PBXGroup;
			children = (
				CDAEFA7124F96CAC00362E84 /* NetworkUtils.h */,
				CDAEFA7224F96CAC00362E84 /* NetworkUtils.m */,
			);
			path = Network;
			sourceTree = "<group>";
		};
		CDAEFA7424FA303F00362E84 /* Date */ = {
			isa = PBXGroup;
			children = (
				CDAEFA7524FA30D200362E84 /* NSDate+Utilities.h */,
				CDAEFA7624FA30D200362E84 /* NSDate+Utilities.m */,
				CDAEFA7824FA324900362E84 /* NSDate+Convert.h */,
				CDAEFA7924FA324900362E84 /* NSDate+Convert.m */,
				CDAEFA8924FA506800362E84 /* TimeUtils.h */,
				CDAEFA8824FA506800362E84 /* TimeUtils.m */,
			);
			path = Date;
			sourceTree = "<group>";
		};
		CDAEFA7B24FA3B4D00362E84 /* Tool */ = {
			isa = PBXGroup;
			children = (
				CDAEFADC24FCD8E300362E84 /* QRCode */,
				CDAEFAA024FC050A00362E84 /* HanziUtils.h */,
				CDAEFAA124FC050A00362E84 /* HanziUtils.m */,
				CDAEFA7F24FA3BA200362E84 /* MOAudioServiceTools.h */,
				CDAEFA8124FA3BA200362E84 /* MOAudioServiceTools.m */,
				CDAEFA8024FA3BA200362E84 /* MOImageDetectUtils.h */,
				CDAEFA7C24FA3BA200362E84 /* MOImageDetectUtils.m */,
				CDAEFA6D24F96C6800362E84 /* Network */,
			);
			path = Tool;
			sourceTree = "<group>";
		};
		CDAEFAA924FC0C8700362E84 /* Runtime */ = {
			isa = PBXGroup;
			children = (
				CDAEFAB624FC215300362E84 /* NSObject+RuntimeUtils.h */,
				CDAEFAB724FC215300362E84 /* NSObject+RuntimeUtils.m */,
			);
			path = Runtime;
			sourceTree = "<group>";
		};
		CDAEFABF24FC2CD100362E84 /* XiaoFu */ = {
			isa = PBXGroup;
			children = (
				CDAEFAD624FC2F7900362E84 /* XFUserRightsHelper.h */,
				CDAEFAD524FC2F7900362E84 /* XFUserRightsHelper.m */,
				CDAEFABD24FC2C9300362E84 /* NSObject+XFCategory.h */,
				CDAEFABC24FC2C9300362E84 /* NSObject+XFCategory.m */,
				CDAEFACF24FC2E1100362E84 /* UIView+XFCategory.h */,
				CDAEFAD024FC2E1100362E84 /* UIView+XFCategory.m */,
			);
			path = XiaoFu;
			sourceTree = "<group>";
		};
		CDAEFADC24FCD8E300362E84 /* QRCode */ = {
			isa = PBXGroup;
			children = (
				CDAEFA7E24FA3BA200362E84 /* MOQRCodeController.h */,
				CDAEFA7D24FA3BA200362E84 /* MOQRCodeController.m */,
				CDAEFADD24FCD90A00362E84 /* QRCodeUtils.h */,
				CDAEFADE24FCD90A00362E84 /* QRCodeUtils.m */,
				CDAEFAE024FCE78100362E84 /* MOCodeScannerManager.h */,
				CDAEFAE124FCE78100362E84 /* MOCodeScannerManager.m */,
			);
			path = QRCode;
			sourceTree = "<group>";
		};
/* End PBXGroup section */

/* Begin PBXNativeTarget section */
		CDA64E381ED9784800BE2EEA /* Utils */ = {
			isa = PBXNativeTarget;
			buildConfigurationList = CDA64E661ED9784800BE2EEA /* Build configuration list for PBXNativeTarget "Utils" */;
			buildPhases = (
				77D0CDCB2851C800B6B4E695 /* [CP] Check Pods Manifest.lock */,
				CDA64E351ED9784800BE2EEA /* Sources */,
				CDA64E361ED9784800BE2EEA /* Frameworks */,
				CDA64E371ED9784800BE2EEA /* Resources */,
				B3D46C29E3AD27C975585D61 /* [CP] Embed Pods Frameworks */,
			);
			buildRules = (
			);
			dependencies = (
			);
			name = Utils;
			productName = Utils;
			productReference = CDA64E391ED9784800BE2EEA /* Utils.app */;
			productType = "com.apple.product-type.application";
		};
		CDA64E511ED9784800BE2EEA /* UtilsTests */ = {
			isa = PBXNativeTarget;
			buildConfigurationList = CDA64E691ED9784800BE2EEA /* Build configuration list for PBXNativeTarget "UtilsTests" */;
			buildPhases = (
				2C9F28DE4E4B5E65F094569C /* [CP] Check Pods Manifest.lock */,
				CDA64E4E1ED9784800BE2EEA /* Sources */,
				CDA64E4F1ED9784800BE2EEA /* Frameworks */,
				CDA64E501ED9784800BE2EEA /* Resources */,
			);
			buildRules = (
			);
			dependencies = (
				CDA64E541ED9784800BE2EEA /* PBXTargetDependency */,
			);
			name = UtilsTests;
			productName = UtilsTests;
			productReference = CDA64E521ED9784800BE2EEA /* UtilsTests.xctest */;
			productType = "com.apple.product-type.bundle.unit-test";
		};
		CDA64E5C1ED9784800BE2EEA /* UtilsUITests */ = {
			isa = PBXNativeTarget;
			buildConfigurationList = CDA64E6C1ED9784800BE2EEA /* Build configuration list for PBXNativeTarget "UtilsUITests" */;
			buildPhases = (
				559F9549EC063A08067F77D4 /* [CP] Check Pods Manifest.lock */,
				CDA64E591ED9784800BE2EEA /* Sources */,
				CDA64E5A1ED9784800BE2EEA /* Frameworks */,
				CDA64E5B1ED9784800BE2EEA /* Resources */,
				102C64584BCD5CA96174F4FD /* [CP] Embed Pods Frameworks */,
			);
			buildRules = (
			);
			dependencies = (
				CDA64E5F1ED9784800BE2EEA /* PBXTargetDependency */,
			);
			name = UtilsUITests;
			productName = UtilsUITests;
			productReference = CDA64E5D1ED9784800BE2EEA /* UtilsUITests.xctest */;
			productType = "com.apple.product-type.bundle.ui-testing";
		};
/* End PBXNativeTarget section */

/* Begin PBXProject section */
		CDA64E311ED9784800BE2EEA /* Project object */ = {
			isa = PBXProject;
			attributes = {
				LastUpgradeCheck = 0830;
				ORGANIZATIONNAME = Mo;
				TargetAttributes = {
					CDA64E381ED9784800BE2EEA = {
						CreatedOnToolsVersion = 8.3.2;
						DevelopmentTeam = T265XVEUYV;
						ProvisioningStyle = Automatic;
					};
					CDA64E511ED9784800BE2EEA = {
						CreatedOnToolsVersion = 8.3.2;
						DevelopmentTeam = T265XVEUYV;
						ProvisioningStyle = Automatic;
						TestTargetID = CDA64E381ED9784800BE2EEA;
					};
					CDA64E5C1ED9784800BE2EEA = {
						CreatedOnToolsVersion = 8.3.2;
						DevelopmentTeam = T265XVEUYV;
						ProvisioningStyle = Automatic;
						TestTargetID = CDA64E381ED9784800BE2EEA;
					};
				};
			};
			buildConfigurationList = CDA64E341ED9784800BE2EEA /* Build configuration list for PBXProject "Utils" */;
			compatibilityVersion = "Xcode 3.2";
			developmentRegion = English;
			hasScannedForEncodings = 0;
			knownRegions = (
				English,
				en,
				Base,
			);
			mainGroup = CDA64E301ED9784800BE2EEA;
			productRefGroup = CDA64E3A1ED9784800BE2EEA /* Products */;
			projectDirPath = "";
			projectRoot = "";
			targets = (
				CDA64E381ED9784800BE2EEA /* Utils */,
				CDA64E511ED9784800BE2EEA /* UtilsTests */,
				CDA64E5C1ED9784800BE2EEA /* UtilsUITests */,
			);
		};
/* End PBXProject section */

/* Begin PBXResourcesBuildPhase section */
		CDA64E371ED9784800BE2EEA /* Resources */ = {
			isa = PBXResourcesBuildPhase;
			buildActionMask = 2147483647;
			files = (
				CDAEFA2F24F79D1800362E84 /* Reload.gif in Resources */,
				CDA64E4C1ED9784800BE2EEA /* LaunchScreen.storyboard in Resources */,
				CDA64E491ED9784800BE2EEA /* Assets.xcassets in Resources */,
				CDA64E471ED9784800BE2EEA /* Main.storyboard in Resources */,
			);
			runOnlyForDeploymentPostprocessing = 0;
		};
		CDA64E501ED9784800BE2EEA /* Resources */ = {
			isa = PBXResourcesBuildPhase;
			buildActionMask = 2147483647;
			files = (
			);
			runOnlyForDeploymentPostprocessing = 0;
		};
		CDA64E5B1ED9784800BE2EEA /* Resources */ = {
			isa = PBXResourcesBuildPhase;
			buildActionMask = 2147483647;
			files = (
			);
			runOnlyForDeploymentPostprocessing = 0;
		};
/* End PBXResourcesBuildPhase section */

/* Begin PBXShellScriptBuildPhase section */
		102C64584BCD5CA96174F4FD /* [CP] Embed Pods Frameworks */ = {
			isa = PBXShellScriptBuildPhase;
			buildActionMask = 2147483647;
			files = (
			);
			inputPaths = (
				"${PODS_ROOT}/Target Support Files/Pods-Utils-UtilsUITests/Pods-Utils-UtilsUITests-frameworks.sh",
				"${BUILT_PRODUCTS_DIR}/AFNetworking/AFNetworking.framework",
				"${BUILT_PRODUCTS_DIR}/MJRefresh/MJRefresh.framework",
				"${BUILT_PRODUCTS_DIR}/Masonry/Masonry.framework",
				"${BUILT_PRODUCTS_DIR}/NerdyUI/NerdyUI.framework",
				"${BUILT_PRODUCTS_DIR}/SDWebImage/SDWebImage.framework",
				"${BUILT_PRODUCTS_DIR}/YYKit/YYKit.framework",
			);
			name = "[CP] Embed Pods Frameworks";
			outputPaths = (
				"${TARGET_BUILD_DIR}/${FRAMEWORKS_FOLDER_PATH}/AFNetworking.framework",
				"${TARGET_BUILD_DIR}/${FRAMEWORKS_FOLDER_PATH}/MJRefresh.framework",
				"${TARGET_BUILD_DIR}/${FRAMEWORKS_FOLDER_PATH}/Masonry.framework",
				"${TARGET_BUILD_DIR}/${FRAMEWORKS_FOLDER_PATH}/NerdyUI.framework",
				"${TARGET_BUILD_DIR}/${FRAMEWORKS_FOLDER_PATH}/SDWebImage.framework",
				"${TARGET_BUILD_DIR}/${FRAMEWORKS_FOLDER_PATH}/YYKit.framework",
			);
			runOnlyForDeploymentPostprocessing = 0;
			shellPath = /bin/sh;
			shellScript = "\"${PODS_ROOT}/Target Support Files/Pods-Utils-UtilsUITests/Pods-Utils-UtilsUITests-frameworks.sh\"\n";
			showEnvVarsInLog = 0;
		};
		2C9F28DE4E4B5E65F094569C /* [CP] Check Pods Manifest.lock */ = {
			isa = PBXShellScriptBuildPhase;
			buildActionMask = 2147483647;
			files = (
			);
			inputFileListPaths = (
			);
			inputPaths = (
				"${PODS_PODFILE_DIR_PATH}/Podfile.lock",
				"${PODS_ROOT}/Manifest.lock",
			);
			name = "[CP] Check Pods Manifest.lock";
			outputFileListPaths = (
			);
			outputPaths = (
				"$(DERIVED_FILE_DIR)/Pods-UtilsTests-checkManifestLockResult.txt",
			);
			runOnlyForDeploymentPostprocessing = 0;
			shellPath = /bin/sh;
			shellScript = "diff \"${PODS_PODFILE_DIR_PATH}/Podfile.lock\" \"${PODS_ROOT}/Manifest.lock\" > /dev/null\nif [ $? != 0 ] ; then\n    # print error to STDERR\n    echo \"error: The sandbox is not in sync with the Podfile.lock. Run 'pod install' or update your CocoaPods installation.\" >&2\n    exit 1\nfi\n# This output is used by Xcode 'outputs' to avoid re-running this script phase.\necho \"SUCCESS\" > \"${SCRIPT_OUTPUT_FILE_0}\"\n";
			showEnvVarsInLog = 0;
		};
		559F9549EC063A08067F77D4 /* [CP] Check Pods Manifest.lock */ = {
			isa = PBXShellScriptBuildPhase;
			buildActionMask = 2147483647;
			files = (
			);
			inputFileListPaths = (
			);
			inputPaths = (
				"${PODS_PODFILE_DIR_PATH}/Podfile.lock",
				"${PODS_ROOT}/Manifest.lock",
			);
			name = "[CP] Check Pods Manifest.lock";
			outputFileListPaths = (
			);
			outputPaths = (
				"$(DERIVED_FILE_DIR)/Pods-Utils-UtilsUITests-checkManifestLockResult.txt",
			);
			runOnlyForDeploymentPostprocessing = 0;
			shellPath = /bin/sh;
			shellScript = "diff \"${PODS_PODFILE_DIR_PATH}/Podfile.lock\" \"${PODS_ROOT}/Manifest.lock\" > /dev/null\nif [ $? != 0 ] ; then\n    # print error to STDERR\n    echo \"error: The sandbox is not in sync with the Podfile.lock. Run 'pod install' or update your CocoaPods installation.\" >&2\n    exit 1\nfi\n# This output is used by Xcode 'outputs' to avoid re-running this script phase.\necho \"SUCCESS\" > \"${SCRIPT_OUTPUT_FILE_0}\"\n";
			showEnvVarsInLog = 0;
		};
		77D0CDCB2851C800B6B4E695 /* [CP] Check Pods Manifest.lock */ = {
			isa = PBXShellScriptBuildPhase;
			buildActionMask = 2147483647;
			files = (
			);
			inputFileListPaths = (
			);
			inputPaths = (
				"${PODS_PODFILE_DIR_PATH}/Podfile.lock",
				"${PODS_ROOT}/Manifest.lock",
			);
			name = "[CP] Check Pods Manifest.lock";
			outputFileListPaths = (
			);
			outputPaths = (
				"$(DERIVED_FILE_DIR)/Pods-Utils-checkManifestLockResult.txt",
			);
			runOnlyForDeploymentPostprocessing = 0;
			shellPath = /bin/sh;
			shellScript = "diff \"${PODS_PODFILE_DIR_PATH}/Podfile.lock\" \"${PODS_ROOT}/Manifest.lock\" > /dev/null\nif [ $? != 0 ] ; then\n    # print error to STDERR\n    echo \"error: The sandbox is not in sync with the Podfile.lock. Run 'pod install' or update your CocoaPods installation.\" >&2\n    exit 1\nfi\n# This output is used by Xcode 'outputs' to avoid re-running this script phase.\necho \"SUCCESS\" > \"${SCRIPT_OUTPUT_FILE_0}\"\n";
			showEnvVarsInLog = 0;
		};
		B3D46C29E3AD27C975585D61 /* [CP] Embed Pods Frameworks */ = {
			isa = PBXShellScriptBuildPhase;
			buildActionMask = 2147483647;
			files = (
			);
			inputPaths = (
				"${PODS_ROOT}/Target Support Files/Pods-Utils/Pods-Utils-frameworks.sh",
				"${BUILT_PRODUCTS_DIR}/AFNetworking/AFNetworking.framework",
				"${BUILT_PRODUCTS_DIR}/MJRefresh/MJRefresh.framework",
				"${BUILT_PRODUCTS_DIR}/Masonry/Masonry.framework",
				"${BUILT_PRODUCTS_DIR}/NerdyUI/NerdyUI.framework",
				"${BUILT_PRODUCTS_DIR}/SDWebImage/SDWebImage.framework",
				"${BUILT_PRODUCTS_DIR}/YYKit/YYKit.framework",
			);
			name = "[CP] Embed Pods Frameworks";
			outputPaths = (
				"${TARGET_BUILD_DIR}/${FRAMEWORKS_FOLDER_PATH}/AFNetworking.framework",
				"${TARGET_BUILD_DIR}/${FRAMEWORKS_FOLDER_PATH}/MJRefresh.framework",
				"${TARGET_BUILD_DIR}/${FRAMEWORKS_FOLDER_PATH}/Masonry.framework",
				"${TARGET_BUILD_DIR}/${FRAMEWORKS_FOLDER_PATH}/NerdyUI.framework",
				"${TARGET_BUILD_DIR}/${FRAMEWORKS_FOLDER_PATH}/SDWebImage.framework",
				"${TARGET_BUILD_DIR}/${FRAMEWORKS_FOLDER_PATH}/YYKit.framework",
			);
			runOnlyForDeploymentPostprocessing = 0;
			shellPath = /bin/sh;
			shellScript = "\"${PODS_ROOT}/Target Support Files/Pods-Utils/Pods-Utils-frameworks.sh\"\n";
			showEnvVarsInLog = 0;
		};
/* End PBXShellScriptBuildPhase section */

/* Begin PBXSourcesBuildPhase section */
		CDA64E351ED9784800BE2EEA /* Sources */ = {
			isa = PBXSourcesBuildPhase;
			buildActionMask = 2147483647;
			files = (
				CDAEFA8424FA3BA300362E84 /* MOAudioServiceTools.m in Sources */,
				CDA64E441ED9784800BE2EEA /* ViewController.m in Sources */,
				CDAEFA9024FA6CD500362E84 /* ThemeManager.m in Sources */,
				CDAEFA6524F9362C00362E84 /* UIViewController+CurrentVC.m in Sources */,
				CDAEFA4424F7C60F00362E84 /* CALayer+AnimationPause.m in Sources */,
				CDAEFA7324F96CAC00362E84 /* NetworkUtils.m in Sources */,
				CDAEFA9F24FC036D00362E84 /* NSAttributedString+Utils.m in Sources */,
				CDAEFA2624F7923D00362E84 /* YYImage+LoopCount.m in Sources */,
				CDAEFA5E24F8191300362E84 /* UIColor+Utils.m in Sources */,
				CDAEFA9C24FC021100362E84 /* NSArray+ArrayUtils.m in Sources */,
				CDAEFAE524FD2C9600362E84 /* AppIconProduction.m in Sources */,
				CDAEFABE24FC2C9300362E84 /* NSObject+XFCategory.m in Sources */,
				CDAB0C6E24EEECDF00C2EA3D /* UIButton+Alignment.m in Sources */,
				CD3CA64C24F1458C004764B7 /* UIButton+AttStrAlignment.m in Sources */,
				CDAEFA4724F7C64200362E84 /* ClassFactory.m in Sources */,
				CDAEFA9624FA9BA800362E84 /* MKCustomDeleteStyleTableView.m in Sources */,
				CDAEFA8A24FA506800362E84 /* TimeUtils.m in Sources */,
				CDAEFA8724FA432B00362E84 /* FileUtils.m in Sources */,
				CDAEFA6124F82FC900362E84 /* UIImage+Utils.m in Sources */,
				CDAEFAD724FC2F7900362E84 /* XFUserRightsHelper.m in Sources */,
				CDAEFAEF24FD697A00362E84 /* UIImage+Color.m in Sources */,
				CDAEFAF524FD70B400362E84 /* UIImage+Blur.m in Sources */,
				CDAEFAEC24FD322D00362E84 /* NSString+Encrypt.m in Sources */,
				CDAEFADF24FCD90A00362E84 /* QRCodeUtils.m in Sources */,
				CDAEFA8324FA3BA300362E84 /* MOQRCodeController.m in Sources */,
				CDAEFAE224FCE78100362E84 /* MOCodeScannerManager.m in Sources */,
				CDAEFAB524FC1A2400362E84 /* UIViewController+Cover.m in Sources */,
				CDAEFAA224FC050A00362E84 /* HanziUtils.m in Sources */,
				CDAEFA7A24FA324900362E84 /* NSDate+Convert.m in Sources */,
				CDAEFA3724F7C45800362E84 /* MOLrcBlendLabel.m in Sources */,
				CDAEFA5724F7FA6800362E84 /* MORollingView.m in Sources */,
				CDAEFAE924FD307300362E84 /* UIFont+FontName.m in Sources */,
				CDAEFA3324F7A75000362E84 /* NSString+Utils.m in Sources */,
				CDAEFAA824FC0A4300362E84 /* UIImage+AsyncClipCorner.m in Sources */,
				CDAEFABB24FC242800362E84 /* YYPhotoGroupView.m in Sources */,
				CDAEFA6B24F957FC00362E84 /* UIButton+FadeOut.m in Sources */,
				CDAB0C7124EEEE5600C2EA3D /* UIButton+TouchInsets.m in Sources */,
				CDAB0C7724EEF0CF00C2EA3D /* UtilsPrivate.m in Sources */,
				CDAEFA9924FA9BFD00362E84 /* MKRefreshTableView.m in Sources */,
				CDAEFAB824FC215300362E84 /* NSObject+RuntimeUtils.m in Sources */,
				CDAEFAD124FC2E1100362E84 /* UIView+XFCategory.m in Sources */,
				CDA64E411ED9784800BE2EEA /* AppDelegate.m in Sources */,
				CDAEFAA524FC05B900362E84 /* UICollectionViewLeftAlignedLayout.m in Sources */,
				CDAEFA8224FA3BA300362E84 /* MOImageDetectUtils.m in Sources */,
				CDAEFAF224FD6BE900362E84 /* UIImage+Capture.m in Sources */,
				CDA64E3E1ED9784800BE2EEA /* main.m in Sources */,
				CDAEFAAF24FC0D7E00362E84 /* UIImageView+FitSize.m in Sources */,
				CDAEFA7724FA30D200362E84 /* NSDate+Utilities.m in Sources */,
			);
			runOnlyForDeploymentPostprocessing = 0;
		};
		CDA64E4E1ED9784800BE2EEA /* Sources */ = {
			isa = PBXSourcesBuildPhase;
			buildActionMask = 2147483647;
			files = (
				CDA64E571ED9784800BE2EEA /* UtilsTests.m in Sources */,
			);
			runOnlyForDeploymentPostprocessing = 0;
		};
		CDA64E591ED9784800BE2EEA /* Sources */ = {
			isa = PBXSourcesBuildPhase;
			buildActionMask = 2147483647;
			files = (
				CDA64E621ED9784800BE2EEA /* UtilsUITests.m in Sources */,
			);
			runOnlyForDeploymentPostprocessing = 0;
		};
/* End PBXSourcesBuildPhase section */

/* Begin PBXTargetDependency section */
		CDA64E541ED9784800BE2EEA /* PBXTargetDependency */ = {
			isa = PBXTargetDependency;
			target = CDA64E381ED9784800BE2EEA /* Utils */;
			targetProxy = CDA64E531ED9784800BE2EEA /* PBXContainerItemProxy */;
		};
		CDA64E5F1ED9784800BE2EEA /* PBXTargetDependency */ = {
			isa = PBXTargetDependency;
			target = CDA64E381ED9784800BE2EEA /* Utils */;
			targetProxy = CDA64E5E1ED9784800BE2EEA /* PBXContainerItemProxy */;
		};
/* End PBXTargetDependency section */

/* Begin PBXVariantGroup section */
		CDA64E451ED9784800BE2EEA /* Main.storyboard */ = {
			isa = PBXVariantGroup;
			children = (
				CDA64E461ED9784800BE2EEA /* Base */,
			);
			name = Main.storyboard;
			sourceTree = "<group>";
		};
		CDA64E4A1ED9784800BE2EEA /* LaunchScreen.storyboard */ = {
			isa = PBXVariantGroup;
			children = (
				CDA64E4B1ED9784800BE2EEA /* Base */,
			);
			name = LaunchScreen.storyboard;
			sourceTree = "<group>";
		};
/* End PBXVariantGroup section */

/* Begin XCBuildConfiguration section */
		CDA64E641ED9784800BE2EEA /* Debug */ = {
			isa = XCBuildConfiguration;
			buildSettings = {
				ALWAYS_SEARCH_USER_PATHS = NO;
				CLANG_ANALYZER_NONNULL = YES;
				CLANG_ANALYZER_NUMBER_OBJECT_CONVERSION = YES_AGGRESSIVE;
				CLANG_CXX_LANGUAGE_STANDARD = "gnu++0x";
				CLANG_CXX_LIBRARY = "libc++";
				CLANG_ENABLE_MODULES = YES;
				CLANG_ENABLE_OBJC_ARC = YES;
				CLANG_WARN_BOOL_CONVERSION = YES;
				CLANG_WARN_CONSTANT_CONVERSION = YES;
				CLANG_WARN_DIRECT_OBJC_ISA_USAGE = YES_ERROR;
				CLANG_WARN_DOCUMENTATION_COMMENTS = YES;
				CLANG_WARN_EMPTY_BODY = YES;
				CLANG_WARN_ENUM_CONVERSION = YES;
				CLANG_WARN_INFINITE_RECURSION = YES;
				CLANG_WARN_INT_CONVERSION = YES;
				CLANG_WARN_OBJC_ROOT_CLASS = YES_ERROR;
				CLANG_WARN_SUSPICIOUS_MOVE = YES;
				CLANG_WARN_UNREACHABLE_CODE = YES;
				CLANG_WARN__DUPLICATE_METHOD_MATCH = YES;
				"CODE_SIGN_IDENTITY[sdk=iphoneos*]" = "iPhone Developer";
				COPY_PHASE_STRIP = NO;
				DEBUG_INFORMATION_FORMAT = dwarf;
				ENABLE_STRICT_OBJC_MSGSEND = YES;
				ENABLE_TESTABILITY = YES;
				GCC_C_LANGUAGE_STANDARD = gnu99;
				GCC_DYNAMIC_NO_PIC = NO;
				GCC_NO_COMMON_BLOCKS = YES;
				GCC_OPTIMIZATION_LEVEL = 0;
				GCC_PREPROCESSOR_DEFINITIONS = (
					"DEBUG=1",
					"$(inherited)",
				);
				GCC_WARN_64_TO_32_BIT_CONVERSION = YES;
				GCC_WARN_ABOUT_RETURN_TYPE = YES_ERROR;
				GCC_WARN_UNDECLARED_SELECTOR = YES;
				GCC_WARN_UNINITIALIZED_AUTOS = YES_AGGRESSIVE;
				GCC_WARN_UNUSED_FUNCTION = YES;
				GCC_WARN_UNUSED_VARIABLE = YES;
				IPHONEOS_DEPLOYMENT_TARGET = 10.3;
				MTL_ENABLE_DEBUG_INFO = YES;
				ONLY_ACTIVE_ARCH = YES;
				SDKROOT = iphoneos;
			};
			name = Debug;
		};
		CDA64E651ED9784800BE2EEA /* Release */ = {
			isa = XCBuildConfiguration;
			buildSettings = {
				ALWAYS_SEARCH_USER_PATHS = NO;
				CLANG_ANALYZER_NONNULL = YES;
				CLANG_ANALYZER_NUMBER_OBJECT_CONVERSION = YES_AGGRESSIVE;
				CLANG_CXX_LANGUAGE_STANDARD = "gnu++0x";
				CLANG_CXX_LIBRARY = "libc++";
				CLANG_ENABLE_MODULES = YES;
				CLANG_ENABLE_OBJC_ARC = YES;
				CLANG_WARN_BOOL_CONVERSION = YES;
				CLANG_WARN_CONSTANT_CONVERSION = YES;
				CLANG_WARN_DIRECT_OBJC_ISA_USAGE = YES_ERROR;
				CLANG_WARN_DOCUMENTATION_COMMENTS = YES;
				CLANG_WARN_EMPTY_BODY = YES;
				CLANG_WARN_ENUM_CONVERSION = YES;
				CLANG_WARN_INFINITE_RECURSION = YES;
				CLANG_WARN_INT_CONVERSION = YES;
				CLANG_WARN_OBJC_ROOT_CLASS = YES_ERROR;
				CLANG_WARN_SUSPICIOUS_MOVE = YES;
				CLANG_WARN_UNREACHABLE_CODE = YES;
				CLANG_WARN__DUPLICATE_METHOD_MATCH = YES;
				"CODE_SIGN_IDENTITY[sdk=iphoneos*]" = "iPhone Developer";
				COPY_PHASE_STRIP = NO;
				DEBUG_INFORMATION_FORMAT = "dwarf-with-dsym";
				ENABLE_NS_ASSERTIONS = NO;
				ENABLE_STRICT_OBJC_MSGSEND = YES;
				GCC_C_LANGUAGE_STANDARD = gnu99;
				GCC_NO_COMMON_BLOCKS = YES;
				GCC_WARN_64_TO_32_BIT_CONVERSION = YES;
				GCC_WARN_ABOUT_RETURN_TYPE = YES_ERROR;
				GCC_WARN_UNDECLARED_SELECTOR = YES;
				GCC_WARN_UNINITIALIZED_AUTOS = YES_AGGRESSIVE;
				GCC_WARN_UNUSED_FUNCTION = YES;
				GCC_WARN_UNUSED_VARIABLE = YES;
				IPHONEOS_DEPLOYMENT_TARGET = 10.3;
				MTL_ENABLE_DEBUG_INFO = NO;
				SDKROOT = iphoneos;
				VALIDATE_PRODUCT = YES;
			};
			name = Release;
		};
		CDA64E671ED9784800BE2EEA /* Debug */ = {
			isa = XCBuildConfiguration;
			baseConfigurationReference = 51CB722788B4117391C6527B /* Pods-Utils.debug.xcconfig */;
			buildSettings = {
				ASSETCATALOG_COMPILER_APPICON_NAME = AppIcon;
				DEVELOPMENT_TEAM = T265XVEUYV;
				GCC_PREFIX_HEADER = "$(SRCROOT)/$(TARGET_NAME)/objc-utils/Common/PrefixHeader.pch";
				INFOPLIST_FILE = Utils/Info.plist;
				LD_RUNPATH_SEARCH_PATHS = "$(inherited) @executable_path/Frameworks";
				PRODUCT_BUNDLE_IDENTIFIER = Mo.Utils;
				PRODUCT_NAME = "$(TARGET_NAME)";
			};
			name = Debug;
		};
		CDA64E681ED9784800BE2EEA /* Release */ = {
			isa = XCBuildConfiguration;
			baseConfigurationReference = 37E8682235019A73E1900B6C /* Pods-Utils.release.xcconfig */;
			buildSettings = {
				ASSETCATALOG_COMPILER_APPICON_NAME = AppIcon;
				DEVELOPMENT_TEAM = T265XVEUYV;
				GCC_PREFIX_HEADER = "$(SRCROOT)/$(TARGET_NAME)/objc-utils/Common/PrefixHeader.pch";
				INFOPLIST_FILE = Utils/Info.plist;
				LD_RUNPATH_SEARCH_PATHS = "$(inherited) @executable_path/Frameworks";
				PRODUCT_BUNDLE_IDENTIFIER = Mo.Utils;
				PRODUCT_NAME = "$(TARGET_NAME)";
			};
			name = Release;
		};
		CDA64E6A1ED9784800BE2EEA /* Debug */ = {
			isa = XCBuildConfiguration;
			baseConfigurationReference = 4D6D89B3C43BCA8C7A36FED6 /* Pods-UtilsTests.debug.xcconfig */;
			buildSettings = {
				BUNDLE_LOADER = "$(TEST_HOST)";
				DEVELOPMENT_TEAM = T265XVEUYV;
				INFOPLIST_FILE = UtilsTests/Info.plist;
				LD_RUNPATH_SEARCH_PATHS = "$(inherited) @executable_path/Frameworks @loader_path/Frameworks";
				PRODUCT_BUNDLE_IDENTIFIER = Mo.UtilsTests;
				PRODUCT_NAME = "$(TARGET_NAME)";
				TEST_HOST = "$(BUILT_PRODUCTS_DIR)/Utils.app/Utils";
			};
			name = Debug;
		};
		CDA64E6B1ED9784800BE2EEA /* Release */ = {
			isa = XCBuildConfiguration;
			baseConfigurationReference = 44DC9065AA931E876006F5EB /* Pods-UtilsTests.release.xcconfig */;
			buildSettings = {
				BUNDLE_LOADER = "$(TEST_HOST)";
				DEVELOPMENT_TEAM = T265XVEUYV;
				INFOPLIST_FILE = UtilsTests/Info.plist;
				LD_RUNPATH_SEARCH_PATHS = "$(inherited) @executable_path/Frameworks @loader_path/Frameworks";
				PRODUCT_BUNDLE_IDENTIFIER = Mo.UtilsTests;
				PRODUCT_NAME = "$(TARGET_NAME)";
				TEST_HOST = "$(BUILT_PRODUCTS_DIR)/Utils.app/Utils";
			};
			name = Release;
		};
		CDA64E6D1ED9784800BE2EEA /* Debug */ = {
			isa = XCBuildConfiguration;
			baseConfigurationReference = E6059347A634390B6425F534 /* Pods-Utils-UtilsUITests.debug.xcconfig */;
			buildSettings = {
				DEVELOPMENT_TEAM = T265XVEUYV;
				INFOPLIST_FILE = UtilsUITests/Info.plist;
				LD_RUNPATH_SEARCH_PATHS = "$(inherited) @executable_path/Frameworks @loader_path/Frameworks";
				PRODUCT_BUNDLE_IDENTIFIER = Mo.UtilsUITests;
				PRODUCT_NAME = "$(TARGET_NAME)";
				TEST_TARGET_NAME = Utils;
			};
			name = Debug;
		};
		CDA64E6E1ED9784800BE2EEA /* Release */ = {
			isa = XCBuildConfiguration;
			baseConfigurationReference = FDF61CE217ECE549F3181C66 /* Pods-Utils-UtilsUITests.release.xcconfig */;
			buildSettings = {
				DEVELOPMENT_TEAM = T265XVEUYV;
				INFOPLIST_FILE = UtilsUITests/Info.plist;
				LD_RUNPATH_SEARCH_PATHS = "$(inherited) @executable_path/Frameworks @loader_path/Frameworks";
				PRODUCT_BUNDLE_IDENTIFIER = Mo.UtilsUITests;
				PRODUCT_NAME = "$(TARGET_NAME)";
				TEST_TARGET_NAME = Utils;
			};
			name = Release;
		};
/* End XCBuildConfiguration section */

/* Begin XCConfigurationList section */
		CDA64E341ED9784800BE2EEA /* Build configuration list for PBXProject "Utils" */ = {
			isa = XCConfigurationList;
			buildConfigurations = (
				CDA64E641ED9784800BE2EEA /* Debug */,
				CDA64E651ED9784800BE2EEA /* Release */,
			);
			defaultConfigurationIsVisible = 0;
			defaultConfigurationName = Release;
		};
		CDA64E661ED9784800BE2EEA /* Build configuration list for PBXNativeTarget "Utils" */ = {
			isa = XCConfigurationList;
			buildConfigurations = (
				CDA64E671ED9784800BE2EEA /* Debug */,
				CDA64E681ED9784800BE2EEA /* Release */,
			);
			defaultConfigurationIsVisible = 0;
			defaultConfigurationName = Release;
		};
		CDA64E691ED9784800BE2EEA /* Build configuration list for PBXNativeTarget "UtilsTests" */ = {
			isa = XCConfigurationList;
			buildConfigurations = (
				CDA64E6A1ED9784800BE2EEA /* Debug */,
				CDA64E6B1ED9784800BE2EEA /* Release */,
			);
			defaultConfigurationIsVisible = 0;
			defaultConfigurationName = Release;
		};
		CDA64E6C1ED9784800BE2EEA /* Build configuration list for PBXNativeTarget "UtilsUITests" */ = {
			isa = XCConfigurationList;
			buildConfigurations = (
				CDA64E6D1ED9784800BE2EEA /* Debug */,
				CDA64E6E1ED9784800BE2EEA /* Release */,
			);
			defaultConfigurationIsVisible = 0;
			defaultConfigurationName = Release;
		};
/* End XCConfigurationList section */
	};
	rootObject = CDA64E311ED9784800BE2EEA /* Project object */;
}
